
Microsoft Visual Studio Solution File, Format Version 12.00
# Visual Studio 15
VisualStudioVersion = 15.0.28307.572
MinimumVisualStudioVersion = 10.0.40219.1
Project("{FAE04EC0-301F-11D3-BF4B-00C04F79EFBC}") = "DynamicaLabsTask", "DynamicaLabsTask\DynamicaLabsTask.csproj", "{BEE6B1F8-D52A-4A74-8159-B8B17A63F7A1}"
EndProject
Global
	GlobalSection(SolutionConfigurationPlatforms) = preSolution
		Debug|Any CPU = Debug|Any CPU
		Release|Any CPU = Release|Any CPU
	EndGlobalSection
	GlobalSection(ProjectConfigurationPlatforms) = postSolution
		{BEE6B1F8-D52A-4A74-8159-B8B17A63F7A1}.Debug|Any CPU.ActiveCfg = Debug|Any CPU
		{BEE6B1F8-D52A-4A74-8159-B8B17A63F7A1}.Debug|Any CPU.Build.0 = Debug|Any CPU
		{BEE6B1F8-D52A-4A74-8159-B8B17A63F7A1}.Release|Any CPU.ActiveCfg = Release|Any CPU
		{BEE6B1F8-D52A-4A74-8159-B8B17A63F7A1}.Release|Any CPU.Build.0 = Release|Any CPU
	EndGlobalSection
	GlobalSection(SolutionProperties) = preSolution
		HideSolutionNode = FALSE
	EndGlobalSection
	GlobalSection(ExtensibilityGlobals) = postSolution
		SolutionGuid = {4AD05CA2-9646-4A86-A001-0EF7845875A1}
	EndGlobalSection
EndGlobal
